
Microsoft Visual Studio Solution File, Format Version 12.00
# Visual Studio 15
VisualStudioVersion = 15.0.28010.2016
MinimumVisualStudioVersion = 10.0.40219.1
Project("{FAE04EC0-301F-11D3-BF4B-00C04F79EFBC}") = "FlowFreeSolver", "FlowFreeSolver\FlowFreeSolver.csproj", "{3C091868-4D29-468B-A0D6-6FC8773E0F36}"
EndProject
Global
	GlobalSection(SolutionConfigurationPlatforms) = preSolution
		Debug|Any CPU = Debug|Any CPU
		Release|Any CPU = Release|Any CPU
	EndGlobalSection
	GlobalSection(ProjectConfigurationPlatforms) = postSolution
		{3C091868-4D29-468B-A0D6-6FC8773E0F36}.Debug|Any CPU.ActiveCfg = Debug|Any CPU
		{3C091868-4D29-468B-A0D6-6FC8773E0F36}.Debug|Any CPU.Build.0 = Debug|Any CPU
		{3C091868-4D29-468B-A0D6-6FC8773E0F36}.Release|Any CPU.ActiveCfg = Release|Any CPU
		{3C091868-4D29-468B-A0D6-6FC8773E0F36}.Release|Any CPU.Build.0 = Release|Any CPU
	EndGlobalSection
	GlobalSection(SolutionProperties) = preSolution
		HideSolutionNode = FALSE
	EndGlobalSection
	GlobalSection(ExtensibilityGlobals) = postSolution
		SolutionGuid = {52DE1FF0-E94D-4C60-A6F1-83D2843CB4FA}
	EndGlobalSection
EndGlobal
